// !$*UTF8*$!
{
	archiveVersion = 1;
	classes = {
	};
	objectVersion = 46;
	objects = {

/* Begin PBXBuildFile section */
		355AA00F3387C07F77BC437A /* libPods-LittleFTPUITests.a in Frameworks */ = {isa = PBXBuildFile; fileRef = 92D5D0DF7489EE1749311C5A /* libPods-LittleFTPUITests.a */; };
		35EA4BF3F8ABBB19A5C14504 /* libPods-LittleFTP.a in Frameworks */ = {isa = PBXBuildFile; fileRef = 3ACD9AAF8A8C6A743876036F /* libPods-LittleFTP.a */; };
		410C5ECA1C6EE83E00C16180 /* AppDelegate.swift in Sources */ = {isa = PBXBuildFile; fileRef = 410C5EC91C6EE83E00C16180 /* AppDelegate.swift */; };
		410C5ECC1C6EE83F00C16180 /* ViewController.swift in Sources */ = {isa = PBXBuildFile; fileRef = 410C5ECB1C6EE83F00C16180 /* ViewController.swift */; };
		410C5ECE1C6EE83F00C16180 /* Assets.xcassets in Resources */ = {isa = PBXBuildFile; fileRef = 410C5ECD1C6EE83F00C16180 /* Assets.xcassets */; };
		410C5ED11C6EE83F00C16180 /* Main.storyboard in Resources */ = {isa = PBXBuildFile; fileRef = 410C5ECF1C6EE83F00C16180 /* Main.storyboard */; };
		410C5EDC1C6EE83F00C16180 /* LittleFTPTests.swift in Sources */ = {isa = PBXBuildFile; fileRef = 410C5EDB1C6EE83F00C16180 /* LittleFTPTests.swift */; };
		410C5EE71C6EE83F00C16180 /* LittleFTPUITests.swift in Sources */ = {isa = PBXBuildFile; fileRef = 410C5EE61C6EE83F00C16180 /* LittleFTPUITests.swift */; };
		4125A0621C6F2DE500FD859D /* LFFilesTableViewController.swift in Sources */ = {isa = PBXBuildFile; fileRef = 4125A0611C6F2DE500FD859D /* LFFilesTableViewController.swift */; };
		4125A0641C6F33A800FD859D /* LFServersTableViewController.swift in Sources */ = {isa = PBXBuildFile; fileRef = 4125A0631C6F33A800FD859D /* LFServersTableViewController.swift */; };
		412C509E1C712B9300101C24 /* LFFTPController.swift in Sources */ = {isa = PBXBuildFile; fileRef = 412C509D1C712B9300101C24 /* LFFTPController.swift */; };
		412C50A01C71377500101C24 /* LFProgressWindowController.swift in Sources */ = {isa = PBXBuildFile; fileRef = 412C509F1C71377500101C24 /* LFProgressWindowController.swift */; };
		412C50A21C7138C800101C24 /* LFProgressViewController.swift in Sources */ = {isa = PBXBuildFile; fileRef = 412C50A11C7138C800101C24 /* LFProgressViewController.swift */; };
		414263001C70595D000DD54B /* LFQueue.swift in Sources */ = {isa = PBXBuildFile; fileRef = 414262FF1C70595D000DD54B /* LFQueue.swift */; };
		4158FE4E1C6FD885009B1A16 /* LFServer.swift in Sources */ = {isa = PBXBuildFile; fileRef = 4158FE4D1C6FD885009B1A16 /* LFServer.swift */; };
		4158FE521C6FDC79009B1A16 /* LFServerManager.swift in Sources */ = {isa = PBXBuildFile; fileRef = 4158FE511C6FDC79009B1A16 /* LFServerManager.swift */; };
		4158FE581C6FFBD5009B1A16 /* LFFile.swift in Sources */ = {isa = PBXBuildFile; fileRef = 4158FE571C6FFBD5009B1A16 /* LFFile.swift */; };
		4158FE5A1C7003E9009B1A16 /* AppUtils.swift in Sources */ = {isa = PBXBuildFile; fileRef = 4158FE591C7003E9009B1A16 /* AppUtils.swift */; };
		419502701C6F07E400D828BB /* LFWindowController.swift in Sources */ = {isa = PBXBuildFile; fileRef = 4195026F1C6F07E400D828BB /* LFWindowController.swift */; };
		419A5BD01C72D54C00B6541B /* LFFtpManager.swift in Sources */ = {isa = PBXBuildFile; fileRef = 419A5BCF1C72D54C00B6541B /* LFFtpManager.swift */; };
		41C0D3C71CBCD0DD00CB6091 /* AppKeys.swift in Sources */ = {isa = PBXBuildFile; fileRef = 41C0D3C61CBCD0DD00CB6091 /* AppKeys.swift */; };
		41C0D3CA1CBCE71600CB6091 /* LFSFTPController.swift in Sources */ = {isa = PBXBuildFile; fileRef = 41C0D3C91CBCE71600CB6091 /* LFSFTPController.swift */; };
		9032B4C5FA9308E12DB064EC /* libPods-LittleFTPTests.a in Frameworks */ = {isa = PBXBuildFile; fileRef = BC3EDFB55E73BA311A810C09 /* libPods-LittleFTPTests.a */; };
/* End PBXBuildFile section */

/* Begin PBXContainerItemProxy section */
		410C5ED81C6EE83F00C16180 /* PBXContainerItemProxy */ = {
			isa = PBXContainerItemProxy;
			containerPortal = 410C5EBE1C6EE83E00C16180 /* Project object */;
			proxyType = 1;
			remoteGlobalIDString = 410C5EC51C6EE83E00C16180;
			remoteInfo = LittleFTP;
		};
		410C5EE31C6EE83F00C16180 /* PBXContainerItemProxy */ = {
			isa = PBXContainerItemProxy;
			containerPortal = 410C5EBE1C6EE83E00C16180 /* Project object */;
			proxyType = 1;
			remoteGlobalIDString = 410C5EC51C6EE83E00C16180;
			remoteInfo = LittleFTP;
		};
/* End PBXContainerItemProxy section */

/* Begin PBXFileReference section */
		15A2B627A47B4250A7EF87BF /* Pods-LittleFTPTests.debug.xcconfig */ = {isa = PBXFileReference; includeInIndex = 1; lastKnownFileType = text.xcconfig; name = "Pods-LittleFTPTests.debug.xcconfig"; path = "Pods/Target Support Files/Pods-LittleFTPTests/Pods-LittleFTPTests.debug.xcconfig"; sourceTree = "<group>"; };
		2D3BE7BAEE22F5768A357689 /* Pods-LittleFTPUITests.release.xcconfig */ = {isa = PBXFileReference; includeInIndex = 1; lastKnownFileType = text.xcconfig; name = "Pods-LittleFTPUITests.release.xcconfig"; path = "Pods/Target Support Files/Pods-LittleFTPUITests/Pods-LittleFTPUITests.release.xcconfig"; sourceTree = "<group>"; };
		3ACD9AAF8A8C6A743876036F /* libPods-LittleFTP.a */ = {isa = PBXFileReference; explicitFileType = archive.ar; includeInIndex = 0; path = "libPods-LittleFTP.a"; sourceTree = BUILT_PRODUCTS_DIR; };
		410C5EC61C6EE83E00C16180 /* LittleFTP.app */ = {isa = PBXFileReference; explicitFileType = wrapper.application; includeInIndex = 0; path = LittleFTP.app; sourceTree = BUILT_PRODUCTS_DIR; };
		410C5EC91C6EE83E00C16180 /* AppDelegate.swift */ = {isa = PBXFileReference; lastKnownFileType = sourcecode.swift; path = AppDelegate.swift; sourceTree = "<group>"; };
		410C5ECB1C6EE83F00C16180 /* ViewController.swift */ = {isa = PBXFileReference; lastKnownFileType = sourcecode.swift; path = ViewController.swift; sourceTree = "<group>"; };
		410C5ECD1C6EE83F00C16180 /* Assets.xcassets */ = {isa = PBXFileReference; lastKnownFileType = folder.assetcatalog; path = Assets.xcassets; sourceTree = "<group>"; };
		410C5ED01C6EE83F00C16180 /* Base */ = {isa = PBXFileReference; lastKnownFileType = file.storyboard; name = Base; path = Base.lproj/Main.storyboard; sourceTree = "<group>"; };
		410C5ED21C6EE83F00C16180 /* Info.plist */ = {isa = PBXFileReference; lastKnownFileType = text.plist.xml; path = Info.plist; sourceTree = "<group>"; };
		410C5ED71C6EE83F00C16180 /* LittleFTPTests.xctest */ = {isa = PBXFileReference; explicitFileType = wrapper.cfbundle; includeInIndex = 0; path = LittleFTPTests.xctest; sourceTree = BUILT_PRODUCTS_DIR; };
		410C5EDB1C6EE83F00C16180 /* LittleFTPTests.swift */ = {isa = PBXFileReference; lastKnownFileType = sourcecode.swift; path = LittleFTPTests.swift; sourceTree = "<group>"; };
		410C5EDD1C6EE83F00C16180 /* Info.plist */ = {isa = PBXFileReference; lastKnownFileType = text.plist.xml; path = Info.plist; sourceTree = "<group>"; };
		410C5EE21C6EE83F00C16180 /* LittleFTPUITests.xctest */ = {isa = PBXFileReference; explicitFileType = wrapper.cfbundle; includeInIndex = 0; path = LittleFTPUITests.xctest; sourceTree = BUILT_PRODUCTS_DIR; };
		410C5EE61C6EE83F00C16180 /* LittleFTPUITests.swift */ = {isa = PBXFileReference; lastKnownFileType = sourcecode.swift; path = LittleFTPUITests.swift; sourceTree = "<group>"; };
		410C5EE81C6EE83F00C16180 /* Info.plist */ = {isa = PBXFileReference; lastKnownFileType = text.plist.xml; path = Info.plist; sourceTree = "<group>"; };
		4125A0611C6F2DE500FD859D /* LFFilesTableViewController.swift */ = {isa = PBXFileReference; fileEncoding = 4; lastKnownFileType = sourcecode.swift; path = LFFilesTableViewController.swift; sourceTree = "<group>"; };
		4125A0631C6F33A800FD859D /* LFServersTableViewController.swift */ = {isa = PBXFileReference; fileEncoding = 4; lastKnownFileType = sourcecode.swift; path = LFServersTableViewController.swift; sourceTree = "<group>"; };
		412C509D1C712B9300101C24 /* LFFTPController.swift */ = {isa = PBXFileReference; fileEncoding = 4; lastKnownFileType = sourcecode.swift; path = LFFTPController.swift; sourceTree = "<group>"; };
		412C509F1C71377500101C24 /* LFProgressWindowController.swift */ = {isa = PBXFileReference; fileEncoding = 4; lastKnownFileType = sourcecode.swift; path = LFProgressWindowController.swift; sourceTree = "<group>"; };
		412C50A11C7138C800101C24 /* LFProgressViewController.swift */ = {isa = PBXFileReference; fileEncoding = 4; lastKnownFileType = sourcecode.swift; path = LFProgressViewController.swift; sourceTree = "<group>"; };
		414262FF1C70595D000DD54B /* LFQueue.swift */ = {isa = PBXFileReference; fileEncoding = 4; lastKnownFileType = sourcecode.swift; path = LFQueue.swift; sourceTree = "<group>"; };
		4158FE4D1C6FD885009B1A16 /* LFServer.swift */ = {isa = PBXFileReference; fileEncoding = 4; lastKnownFileType = sourcecode.swift; path = LFServer.swift; sourceTree = "<group>"; };
		4158FE511C6FDC79009B1A16 /* LFServerManager.swift */ = {isa = PBXFileReference; fileEncoding = 4; lastKnownFileType = sourcecode.swift; path = LFServerManager.swift; sourceTree = "<group>"; };
		4158FE571C6FFBD5009B1A16 /* LFFile.swift */ = {isa = PBXFileReference; fileEncoding = 4; lastKnownFileType = sourcecode.swift; path = LFFile.swift; sourceTree = "<group>"; };
		4158FE591C7003E9009B1A16 /* AppUtils.swift */ = {isa = PBXFileReference; fileEncoding = 4; lastKnownFileType = sourcecode.swift; path = AppUtils.swift; sourceTree = "<group>"; };
		4195026F1C6F07E400D828BB /* LFWindowController.swift */ = {isa = PBXFileReference; fileEncoding = 4; lastKnownFileType = sourcecode.swift; path = LFWindowController.swift; sourceTree = "<group>"; };
		419A5BCF1C72D54C00B6541B /* LFFtpManager.swift */ = {isa = PBXFileReference; fileEncoding = 4; lastKnownFileType = sourcecode.swift; path = LFFtpManager.swift; sourceTree = "<group>"; };
		41A87FD11CBD949D00612D33 /* LittleFTP-Bridging-Header.h */ = {isa = PBXFileReference; lastKnownFileType = sourcecode.c.h; path = "LittleFTP-Bridging-Header.h"; sourceTree = "<group>"; };
		41C0D3C61CBCD0DD00CB6091 /* AppKeys.swift */ = {isa = PBXFileReference; fileEncoding = 4; lastKnownFileType = sourcecode.swift; path = AppKeys.swift; sourceTree = "<group>"; };
		41C0D3C91CBCE71600CB6091 /* LFSFTPController.swift */ = {isa = PBXFileReference; fileEncoding = 4; lastKnownFileType = sourcecode.swift; path = LFSFTPController.swift; sourceTree = "<group>"; };
		56BF957AC0A0B8410443F6E3 /* Pods-LittleFTP.release.xcconfig */ = {isa = PBXFileReference; includeInIndex = 1; lastKnownFileType = text.xcconfig; name = "Pods-LittleFTP.release.xcconfig"; path = "Pods/Target Support Files/Pods-LittleFTP/Pods-LittleFTP.release.xcconfig"; sourceTree = "<group>"; };
		7E791B266AEC3D82706EAF5E /* Pods-LittleFTP.debug.xcconfig */ = {isa = PBXFileReference; includeInIndex = 1; lastKnownFileType = text.xcconfig; name = "Pods-LittleFTP.debug.xcconfig"; path = "Pods/Target Support Files/Pods-LittleFTP/Pods-LittleFTP.debug.xcconfig"; sourceTree = "<group>"; };
		92D5D0DF7489EE1749311C5A /* libPods-LittleFTPUITests.a */ = {isa = PBXFileReference; explicitFileType = archive.ar; includeInIndex = 0; path = "libPods-LittleFTPUITests.a"; sourceTree = BUILT_PRODUCTS_DIR; };
		BC3EDFB55E73BA311A810C09 /* libPods-LittleFTPTests.a */ = {isa = PBXFileReference; explicitFileType = archive.ar; includeInIndex = 0; path = "libPods-LittleFTPTests.a"; sourceTree = BUILT_PRODUCTS_DIR; };
		BFBBC352363F6A3A28EC9B1B /* Pods-LittleFTPTests.release.xcconfig */ = {isa = PBXFileReference; includeInIndex = 1; lastKnownFileType = text.xcconfig; name = "Pods-LittleFTPTests.release.xcconfig"; path = "Pods/Target Support Files/Pods-LittleFTPTests/Pods-LittleFTPTests.release.xcconfig"; sourceTree = "<group>"; };
		DF807C30D19D0DF753FF8C71 /* Pods-LittleFTPUITests.debug.xcconfig */ = {isa = PBXFileReference; includeInIndex = 1; lastKnownFileType = text.xcconfig; name = "Pods-LittleFTPUITests.debug.xcconfig"; path = "Pods/Target Support Files/Pods-LittleFTPUITests/Pods-LittleFTPUITests.debug.xcconfig"; sourceTree = "<group>"; };
/* End PBXFileReference section */

/* Begin PBXFrameworksBuildPhase section */
		410C5EC31C6EE83E00C16180 /* Frameworks */ = {
			isa = PBXFrameworksBuildPhase;
			buildActionMask = 2147483647;
			files = (
				35EA4BF3F8ABBB19A5C14504 /* libPods-LittleFTP.a in Frameworks */,
			);
			runOnlyForDeploymentPostprocessing = 0;
		};
		410C5ED41C6EE83F00C16180 /* Frameworks */ = {
			isa = PBXFrameworksBuildPhase;
			buildActionMask = 2147483647;
			files = (
				9032B4C5FA9308E12DB064EC /* libPods-LittleFTPTests.a in Frameworks */,
			);
			runOnlyForDeploymentPostprocessing = 0;
		};
		410C5EDF1C6EE83F00C16180 /* Frameworks */ = {
			isa = PBXFrameworksBuildPhase;
			buildActionMask = 2147483647;
			files = (
				355AA00F3387C07F77BC437A /* libPods-LittleFTPUITests.a in Frameworks */,
			);
			runOnlyForDeploymentPostprocessing = 0;
		};
/* End PBXFrameworksBuildPhase section */

/* Begin PBXGroup section */
		410C5EBD1C6EE83E00C16180 = {
			isa = PBXGroup;
			children = (
				410C5EC81C6EE83E00C16180 /* LittleFTP */,
				410C5EDA1C6EE83F00C16180 /* LittleFTPTests */,
				410C5EE51C6EE83F00C16180 /* LittleFTPUITests */,
				410C5EC71C6EE83E00C16180 /* Products */,
				B5B877C31DA9F293FAA64660 /* Frameworks */,
				5B4B63544F0A26B5D6EFEED0 /* Pods */,
			);
			sourceTree = "<group>";
		};
		410C5EC71C6EE83E00C16180 /* Products */ = {
			isa = PBXGroup;
			children = (
				410C5EC61C6EE83E00C16180 /* LittleFTP.app */,
				410C5ED71C6EE83F00C16180 /* LittleFTPTests.xctest */,
				410C5EE21C6EE83F00C16180 /* LittleFTPUITests.xctest */,
			);
			name = Products;
			sourceTree = "<group>";
		};
		410C5EC81C6EE83E00C16180 /* LittleFTP */ = {
			isa = PBXGroup;
			children = (
				410C5ECD1C6EE83F00C16180 /* Assets.xcassets */,
				410C5ECF1C6EE83F00C16180 /* Main.storyboard */,
				410C5ED21C6EE83F00C16180 /* Info.plist */,
				41338BE41CBDF99100C09991 /* UI */,
				41338BE51CBDF9BE00C09991 /* ServerController */,
				41C0D3C61CBCD0DD00CB6091 /* AppKeys.swift */,
				4158FE591C7003E9009B1A16 /* AppUtils.swift */,
				410C5EC91C6EE83E00C16180 /* AppDelegate.swift */,
				41A87FD11CBD949D00612D33 /* LittleFTP-Bridging-Header.h */,
			);
			path = LittleFTP;
			sourceTree = "<group>";
		};
		410C5EDA1C6EE83F00C16180 /* LittleFTPTests */ = {
			isa = PBXGroup;
			children = (
				410C5EDB1C6EE83F00C16180 /* LittleFTPTests.swift */,
				410C5EDD1C6EE83F00C16180 /* Info.plist */,
			);
			path = LittleFTPTests;
			sourceTree = "<group>";
		};
		410C5EE51C6EE83F00C16180 /* LittleFTPUITests */ = {
			isa = PBXGroup;
			children = (
				410C5EE61C6EE83F00C16180 /* LittleFTPUITests.swift */,
				410C5EE81C6EE83F00C16180 /* Info.plist */,
			);
			path = LittleFTPUITests;
			sourceTree = "<group>";
		};
		41338BE41CBDF99100C09991 /* UI */ = {
			isa = PBXGroup;
			children = (
				4125A0611C6F2DE500FD859D /* LFFilesTableViewController.swift */,
				4125A0631C6F33A800FD859D /* LFServersTableViewController.swift */,
				412C50A11C7138C800101C24 /* LFProgressViewController.swift */,
				412C509F1C71377500101C24 /* LFProgressWindowController.swift */,
				4195026F1C6F07E400D828BB /* LFWindowController.swift */,
				410C5ECB1C6EE83F00C16180 /* ViewController.swift */,
			);
			name = UI;
			sourceTree = "<group>";
		};
		41338BE51CBDF9BE00C09991 /* ServerController */ = {
			isa = PBXGroup;
			children = (
				4158FE511C6FDC79009B1A16 /* LFServerManager.swift */,
				41C0D3C91CBCE71600CB6091 /* LFSFTPController.swift */,
				4158FE4D1C6FD885009B1A16 /* LFServer.swift */,
				4158FE571C6FFBD5009B1A16 /* LFFile.swift */,
				414262FF1C70595D000DD54B /* LFQueue.swift */,
				412C509D1C712B9300101C24 /* LFFTPController.swift */,
				419A5BCF1C72D54C00B6541B /* LFFtpManager.swift */,
			);
			name = ServerController;
			sourceTree = "<group>";
		};
		5B4B63544F0A26B5D6EFEED0 /* Pods */ = {
			isa = PBXGroup;
			children = (
				7E791B266AEC3D82706EAF5E /* Pods-LittleFTP.debug.xcconfig */,
				56BF957AC0A0B8410443F6E3 /* Pods-LittleFTP.release.xcconfig */,
				15A2B627A47B4250A7EF87BF /* Pods-LittleFTPTests.debug.xcconfig */,
				BFBBC352363F6A3A28EC9B1B /* Pods-LittleFTPTests.release.xcconfig */,
				DF807C30D19D0DF753FF8C71 /* Pods-LittleFTPUITests.debug.xcconfig */,
				2D3BE7BAEE22F5768A357689 /* Pods-LittleFTPUITests.release.xcconfig */,
			);
			name = Pods;
			sourceTree = "<group>";
		};
		B5B877C31DA9F293FAA64660 /* Frameworks */ = {
			isa = PBXGroup;
			children = (
				3ACD9AAF8A8C6A743876036F /* libPods-LittleFTP.a */,
				BC3EDFB55E73BA311A810C09 /* libPods-LittleFTPTests.a */,
				92D5D0DF7489EE1749311C5A /* libPods-LittleFTPUITests.a */,
			);
			name = Frameworks;
			sourceTree = "<group>";
		};
/* End PBXGroup section */

/* Begin PBXNativeTarget section */
		410C5EC51C6EE83E00C16180 /* LittleFTP */ = {
			isa = PBXNativeTarget;
			buildConfigurationList = 410C5EEB1C6EE83F00C16180 /* Build configuration list for PBXNativeTarget "LittleFTP" */;
			buildPhases = (
				8B28BAEE77F1730ABC4C30E4 /* 📦 Check Pods Manifest.lock */,
				410C5EC21C6EE83E00C16180 /* Sources */,
				410C5EC31C6EE83E00C16180 /* Frameworks */,
				410C5EC41C6EE83E00C16180 /* Resources */,
				370864D6C5DF88F521123B67 /* 📦 Embed Pods Frameworks */,
				C09A767AE51FA5EEB865A9D2 /* 📦 Copy Pods Resources */,
			);
			buildRules = (
			);
			dependencies = (
			);
			name = LittleFTP;
			productName = LittleFTP;
			productReference = 410C5EC61C6EE83E00C16180 /* LittleFTP.app */;
			productType = "com.apple.product-type.application";
		};
		410C5ED61C6EE83F00C16180 /* LittleFTPTests */ = {
			isa = PBXNativeTarget;
			buildConfigurationList = 410C5EEE1C6EE83F00C16180 /* Build configuration list for PBXNativeTarget "LittleFTPTests" */;
			buildPhases = (
				E6F64ED0BFF69D49E3ED2866 /* 📦 Check Pods Manifest.lock */,
				410C5ED31C6EE83F00C16180 /* Sources */,
				410C5ED41C6EE83F00C16180 /* Frameworks */,
				410C5ED51C6EE83F00C16180 /* Resources */,
				7400B0DE1FEEC4724EF5C602 /* 📦 Embed Pods Frameworks */,
				9BA7EBCD0407027F245CCE2B /* 📦 Copy Pods Resources */,
			);
			buildRules = (
			);
			dependencies = (
				410C5ED91C6EE83F00C16180 /* PBXTargetDependency */,
			);
			name = LittleFTPTests;
			productName = LittleFTPTests;
			productReference = 410C5ED71C6EE83F00C16180 /* LittleFTPTests.xctest */;
			productType = "com.apple.product-type.bundle.unit-test";
		};
		410C5EE11C6EE83F00C16180 /* LittleFTPUITests */ = {
			isa = PBXNativeTarget;
			buildConfigurationList = 410C5EF11C6EE83F00C16180 /* Build configuration list for PBXNativeTarget "LittleFTPUITests" */;
			buildPhases = (
				ED12273A726E8260914F1A1F /* 📦 Check Pods Manifest.lock */,
				410C5EDE1C6EE83F00C16180 /* Sources */,
				410C5EDF1C6EE83F00C16180 /* Frameworks */,
				410C5EE01C6EE83F00C16180 /* Resources */,
				ACD72767FF459D198EDF4875 /* 📦 Copy Pods Resources */,
			);
			buildRules = (
			);
			dependencies = (
				410C5EE41C6EE83F00C16180 /* PBXTargetDependency */,
			);
			name = LittleFTPUITests;
			productName = LittleFTPUITests;
			productReference = 410C5EE21C6EE83F00C16180 /* LittleFTPUITests.xctest */;
			productType = "com.apple.product-type.bundle.ui-testing";
		};
/* End PBXNativeTarget section */

/* Begin PBXProject section */
		410C5EBE1C6EE83E00C16180 /* Project object */ = {
			isa = PBXProject;
			attributes = {
				LastSwiftUpdateCheck = 0720;
				LastUpgradeCheck = 0720;
				ORGANIZATIONNAME = "Gurinder Hans";
				TargetAttributes = {
					410C5EC51C6EE83E00C16180 = {
						CreatedOnToolsVersion = 7.2.1;
					};
					410C5ED61C6EE83F00C16180 = {
						CreatedOnToolsVersion = 7.2.1;
						TestTargetID = 410C5EC51C6EE83E00C16180;
					};
					410C5EE11C6EE83F00C16180 = {
						CreatedOnToolsVersion = 7.2.1;
						TestTargetID = 410C5EC51C6EE83E00C16180;
					};
				};
			};
			buildConfigurationList = 410C5EC11C6EE83E00C16180 /* Build configuration list for PBXProject "LittleFTP" */;
			compatibilityVersion = "Xcode 3.2";
			developmentRegion = English;
			hasScannedForEncodings = 0;
			knownRegions = (
				en,
				Base,
			);
			mainGroup = 410C5EBD1C6EE83E00C16180;
			productRefGroup = 410C5EC71C6EE83E00C16180 /* Products */;
			projectDirPath = "";
			projectRoot = "";
			targets = (
				410C5EC51C6EE83E00C16180 /* LittleFTP */,
				410C5ED61C6EE83F00C16180 /* LittleFTPTests */,
				410C5EE11C6EE83F00C16180 /* LittleFTPUITests */,
			);
		};
/* End PBXProject section */

/* Begin PBXResourcesBuildPhase section */
		410C5EC41C6EE83E00C16180 /* Resources */ = {
			isa = PBXResourcesBuildPhase;
			buildActionMask = 2147483647;
			files = (
				410C5ECE1C6EE83F00C16180 /* Assets.xcassets in Resources */,
				410C5ED11C6EE83F00C16180 /* Main.storyboard in Resources */,
			);
			runOnlyForDeploymentPostprocessing = 0;
		};
		410C5ED51C6EE83F00C16180 /* Resources */ = {
			isa = PBXResourcesBuildPhase;
			buildActionMask = 2147483647;
			files = (
			);
			runOnlyForDeploymentPostprocessing = 0;
		};
		410C5EE01C6EE83F00C16180 /* Resources */ = {
			isa = PBXResourcesBuildPhase;
			buildActionMask = 2147483647;
			files = (
			);
			runOnlyForDeploymentPostprocessing = 0;
		};
/* End PBXResourcesBuildPhase section */

/* Begin PBXShellScriptBuildPhase section */
		370864D6C5DF88F521123B67 /* 📦 Embed Pods Frameworks */ = {
			isa = PBXShellScriptBuildPhase;
			buildActionMask = 2147483647;
			files = (
			);
			inputPaths = (
			);
			name = "📦 Embed Pods Frameworks";
			outputPaths = (
			);
			runOnlyForDeploymentPostprocessing = 0;
			shellPath = /bin/sh;
			shellScript = "\"${SRCROOT}/Pods/Target Support Files/Pods-LittleFTP/Pods-LittleFTP-frameworks.sh\"\n";
			showEnvVarsInLog = 0;
		};
		7400B0DE1FEEC4724EF5C602 /* 📦 Embed Pods Frameworks */ = {
			isa = PBXShellScriptBuildPhase;
			buildActionMask = 2147483647;
			files = (
			);
			inputPaths = (
			);
			name = "📦 Embed Pods Frameworks";
			outputPaths = (
			);
			runOnlyForDeploymentPostprocessing = 0;
			shellPath = /bin/sh;
			shellScript = "\"${SRCROOT}/Pods/Target Support Files/Pods-LittleFTPTests/Pods-LittleFTPTests-frameworks.sh\"\n";
			showEnvVarsInLog = 0;
		};
		8B28BAEE77F1730ABC4C30E4 /* 📦 Check Pods Manifest.lock */ = {
			isa = PBXShellScriptBuildPhase;
			buildActionMask = 2147483647;
			files = (
			);
			inputPaths = (
			);
			name = "📦 Check Pods Manifest.lock";
			outputPaths = (
			);
			runOnlyForDeploymentPostprocessing = 0;
			shellPath = /bin/sh;
			shellScript = "diff \"${PODS_ROOT}/../Podfile.lock\" \"${PODS_ROOT}/Manifest.lock\" > /dev/null\nif [[ $? != 0 ]] ; then\n    cat << EOM\nerror: The sandbox is not in sync with the Podfile.lock. Run 'pod install' or update your CocoaPods installation.\nEOM\n    exit 1\nfi\n";
			showEnvVarsInLog = 0;
		};
		9BA7EBCD0407027F245CCE2B /* 📦 Copy Pods Resources */ = {
			isa = PBXShellScriptBuildPhase;
			buildActionMask = 2147483647;
			files = (
			);
			inputPaths = (
			);
			name = "📦 Copy Pods Resources";
			outputPaths = (
			);
			runOnlyForDeploymentPostprocessing = 0;
			shellPath = /bin/sh;
			shellScript = "\"${SRCROOT}/Pods/Target Support Files/Pods-LittleFTPTests/Pods-LittleFTPTests-resources.sh\"\n";
			showEnvVarsInLog = 0;
		};
		ACD72767FF459D198EDF4875 /* 📦 Copy Pods Resources */ = {
			isa = PBXShellScriptBuildPhase;
			buildActionMask = 2147483647;
			files = (
			);
			inputPaths = (
			);
			name = "📦 Copy Pods Resources";
			outputPaths = (
			);
			runOnlyForDeploymentPostprocessing = 0;
			shellPath = /bin/sh;
			shellScript = "\"${SRCROOT}/Pods/Target Support Files/Pods-LittleFTPUITests/Pods-LittleFTPUITests-resources.sh\"\n";
			showEnvVarsInLog = 0;
		};
		C09A767AE51FA5EEB865A9D2 /* 📦 Copy Pods Resources */ = {
			isa = PBXShellScriptBuildPhase;
			buildActionMask = 2147483647;
			files = (
			);
			inputPaths = (
			);
			name = "📦 Copy Pods Resources";
			outputPaths = (
			);
			runOnlyForDeploymentPostprocessing = 0;
			shellPath = /bin/sh;
			shellScript = "\"${SRCROOT}/Pods/Target Support Files/Pods-LittleFTP/Pods-LittleFTP-resources.sh\"\n";
			showEnvVarsInLog = 0;
		};
		E6F64ED0BFF69D49E3ED2866 /* 📦 Check Pods Manifest.lock */ = {
			isa = PBXShellScriptBuildPhase;
			buildActionMask = 2147483647;
			files = (
			);
			inputPaths = (
			);
			name = "📦 Check Pods Manifest.lock";
			outputPaths = (
			);
			runOnlyForDeploymentPostprocessing = 0;
			shellPath = /bin/sh;
			shellScript = "diff \"${PODS_ROOT}/../Podfile.lock\" \"${PODS_ROOT}/Manifest.lock\" > /dev/null\nif [[ $? != 0 ]] ; then\n    cat << EOM\nerror: The sandbox is not in sync with the Podfile.lock. Run 'pod install' or update your CocoaPods installation.\nEOM\n    exit 1\nfi\n";
			showEnvVarsInLog = 0;
		};
		ED12273A726E8260914F1A1F /* 📦 Check Pods Manifest.lock */ = {
			isa = PBXShellScriptBuildPhase;
			buildActionMask = 2147483647;
			files = (
			);
			inputPaths = (
			);
			name = "📦 Check Pods Manifest.lock";
			outputPaths = (
			);
			runOnlyForDeploymentPostprocessing = 0;
			shellPath = /bin/sh;
			shellScript = "diff \"${PODS_ROOT}/../Podfile.lock\" \"${PODS_ROOT}/Manifest.lock\" > /dev/null\nif [[ $? != 0 ]] ; then\n    cat << EOM\nerror: The sandbox is not in sync with the Podfile.lock. Run 'pod install' or update your CocoaPods installation.\nEOM\n    exit 1\nfi\n";
			showEnvVarsInLog = 0;
		};
/* End PBXShellScriptBuildPhase section */

/* Begin PBXSourcesBuildPhase section */
		410C5EC21C6EE83E00C16180 /* Sources */ = {
			isa = PBXSourcesBuildPhase;
			buildActionMask = 2147483647;
			files = (
				4158FE5A1C7003E9009B1A16 /* AppUtils.swift in Sources */,
				4125A0621C6F2DE500FD859D /* LFFilesTableViewController.swift in Sources */,
				4158FE581C6FFBD5009B1A16 /* LFFile.swift in Sources */,
				41C0D3C71CBCD0DD00CB6091 /* AppKeys.swift in Sources */,
				41C0D3CA1CBCE71600CB6091 /* LFSFTPController.swift in Sources */,
				410C5ECC1C6EE83F00C16180 /* ViewController.swift in Sources */,
				4158FE521C6FDC79009B1A16 /* LFServerManager.swift in Sources */,
				4158FE4E1C6FD885009B1A16 /* LFServer.swift in Sources */,
				410C5ECA1C6EE83E00C16180 /* AppDelegate.swift in Sources */,
				419502701C6F07E400D828BB /* LFWindowController.swift in Sources */,
				419A5BD01C72D54C00B6541B /* LFFtpManager.swift in Sources */,
				412C50A01C71377500101C24 /* LFProgressWindowController.swift in Sources */,
				4125A0641C6F33A800FD859D /* LFServersTableViewController.swift in Sources */,
				414263001C70595D000DD54B /* LFQueue.swift in Sources */,
				412C50A21C7138C800101C24 /* LFProgressViewController.swift in Sources */,
				412C509E1C712B9300101C24 /* LFFTPController.swift in Sources */,
			);
			runOnlyForDeploymentPostprocessing = 0;
		};
		410C5ED31C6EE83F00C16180 /* Sources */ = {
			isa = PBXSourcesBuildPhase;
			buildActionMask = 2147483647;
			files = (
				410C5EDC1C6EE83F00C16180 /* LittleFTPTests.swift in Sources */,
			);
			runOnlyForDeploymentPostprocessing = 0;
		};
		410C5EDE1C6EE83F00C16180 /* Sources */ = {
			isa = PBXSourcesBuildPhase;
			buildActionMask = 2147483647;
			files = (
				410C5EE71C6EE83F00C16180 /* LittleFTPUITests.swift in Sources */,
			);
			runOnlyForDeploymentPostprocessing = 0;
		};
/* End PBXSourcesBuildPhase section */

/* Begin PBXTargetDependency section */
		410C5ED91C6EE83F00C16180 /* PBXTargetDependency */ = {
			isa = PBXTargetDependency;
			target = 410C5EC51C6EE83E00C16180 /* LittleFTP */;
			targetProxy = 410C5ED81C6EE83F00C16180 /* PBXContainerItemProxy */;
		};
		410C5EE41C6EE83F00C16180 /* PBXTargetDependency */ = {
			isa = PBXTargetDependency;
			target = 410C5EC51C6EE83E00C16180 /* LittleFTP */;
			targetProxy = 410C5EE31C6EE83F00C16180 /* PBXContainerItemProxy */;
		};
/* End PBXTargetDependency section */

/* Begin PBXVariantGroup section */
		410C5ECF1C6EE83F00C16180 /* Main.storyboard */ = {
			isa = PBXVariantGroup;
			children = (
				410C5ED01C6EE83F00C16180 /* Base */,
			);
			name = Main.storyboard;
			sourceTree = "<group>";
		};
/* End PBXVariantGroup section */

/* Begin XCBuildConfiguration section */
		410C5EE91C6EE83F00C16180 /* Debug */ = {
			isa = XCBuildConfiguration;
			buildSettings = {
				ALWAYS_SEARCH_USER_PATHS = NO;
				CLANG_CXX_LANGUAGE_STANDARD = "gnu++0x";
				CLANG_CXX_LIBRARY = "libc++";
				CLANG_ENABLE_MODULES = YES;
				CLANG_ENABLE_OBJC_ARC = YES;
				CLANG_WARN_BOOL_CONVERSION = YES;
				CLANG_WARN_CONSTANT_CONVERSION = YES;
				CLANG_WARN_DIRECT_OBJC_ISA_USAGE = YES_ERROR;
				CLANG_WARN_EMPTY_BODY = YES;
				CLANG_WARN_ENUM_CONVERSION = YES;
				CLANG_WARN_INT_CONVERSION = YES;
				CLANG_WARN_OBJC_ROOT_CLASS = YES_ERROR;
				CLANG_WARN_UNREACHABLE_CODE = YES;
				CLANG_WARN__DUPLICATE_METHOD_MATCH = YES;
				CODE_SIGN_IDENTITY = "-";
				COPY_PHASE_STRIP = NO;
				DEBUG_INFORMATION_FORMAT = dwarf;
				ENABLE_STRICT_OBJC_MSGSEND = YES;
				ENABLE_TESTABILITY = YES;
				GCC_C_LANGUAGE_STANDARD = gnu99;
				GCC_DYNAMIC_NO_PIC = NO;
				GCC_NO_COMMON_BLOCKS = YES;
				GCC_OPTIMIZATION_LEVEL = 0;
				GCC_PREPROCESSOR_DEFINITIONS = (
					"DEBUG=1",
					"$(inherited)",
				);
				GCC_WARN_64_TO_32_BIT_CONVERSION = YES;
				GCC_WARN_ABOUT_RETURN_TYPE = YES_ERROR;
				GCC_WARN_UNDECLARED_SELECTOR = YES;
				GCC_WARN_UNINITIALIZED_AUTOS = YES_AGGRESSIVE;
				GCC_WARN_UNUSED_FUNCTION = YES;
				GCC_WARN_UNUSED_VARIABLE = YES;
				MACOSX_DEPLOYMENT_TARGET = 10.11;
				MTL_ENABLE_DEBUG_INFO = YES;
				ONLY_ACTIVE_ARCH = YES;
				SDKROOT = macosx;
				SWIFT_OPTIMIZATION_LEVEL = "-Onone";
			};
			name = Debug;
		};
		410C5EEA1C6EE83F00C16180 /* Release */ = {
			isa = XCBuildConfiguration;
			buildSettings = {
				ALWAYS_SEARCH_USER_PATHS = NO;
				CLANG_CXX_LANGUAGE_STANDARD = "gnu++0x";
				CLANG_CXX_LIBRARY = "libc++";
				CLANG_ENABLE_MODULES = YES;
				CLANG_ENABLE_OBJC_ARC = YES;
				CLANG_WARN_BOOL_CONVERSION = YES;
				CLANG_WARN_CONSTANT_CONVERSION = YES;
				CLANG_WARN_DIRECT_OBJC_ISA_USAGE = YES_ERROR;
				CLANG_WARN_EMPTY_BODY = YES;
				CLANG_WARN_ENUM_CONVERSION = YES;
				CLANG_WARN_INT_CONVERSION = YES;
				CLANG_WARN_OBJC_ROOT_CLASS = YES_ERROR;
				CLANG_WARN_UNREACHABLE_CODE = YES;
				CLANG_WARN__DUPLICATE_METHOD_MATCH = YES;
				CODE_SIGN_IDENTITY = "-";
				COPY_PHASE_STRIP = NO;
				DEBUG_INFORMATION_FORMAT = "dwarf-with-dsym";
				ENABLE_NS_ASSERTIONS = NO;
				ENABLE_STRICT_OBJC_MSGSEND = YES;
				GCC_C_LANGUAGE_STANDARD = gnu99;
				GCC_NO_COMMON_BLOCKS = YES;
				GCC_WARN_64_TO_32_BIT_CONVERSION = YES;
				GCC_WARN_ABOUT_RETURN_TYPE = YES_ERROR;
				GCC_WARN_UNDECLARED_SELECTOR = YES;
				GCC_WARN_UNINITIALIZED_AUTOS = YES_AGGRESSIVE;
				GCC_WARN_UNUSED_FUNCTION = YES;
				GCC_WARN_UNUSED_VARIABLE = YES;
				MACOSX_DEPLOYMENT_TARGET = 10.11;
				MTL_ENABLE_DEBUG_INFO = NO;
				SDKROOT = macosx;
			};
			name = Release;
		};
		410C5EEC1C6EE83F00C16180 /* Debug */ = {
			isa = XCBuildConfiguration;
			baseConfigurationReference = 7E791B266AEC3D82706EAF5E /* Pods-LittleFTP.debug.xcconfig */;
			buildSettings = {
				ASSETCATALOG_COMPILER_APPICON_NAME = AppIcon;
				COMBINE_HIDPI_IMAGES = YES;
				FRAMEWORK_SEARCH_PATHS = (
					"$(inherited)",
					"$(PROJECT_DIR)",
				);
				INFOPLIST_FILE = LittleFTP/Info.plist;
				LD_RUNPATH_SEARCH_PATHS = "$(inherited) @executable_path/../Frameworks";
				PRODUCT_BUNDLE_IDENTIFIER = me.gurinderhans.LittleFTP;
				PRODUCT_NAME = "$(TARGET_NAME)";
				SWIFT_OBJC_BRIDGING_HEADER = "LittleFTP/LittleFTP-Bridging-Header.h";
			};
			name = Debug;
		};
		410C5EED1C6EE83F00C16180 /* Release */ = {
			isa = XCBuildConfiguration;
			baseConfigurationReference = 56BF957AC0A0B8410443F6E3 /* Pods-LittleFTP.release.xcconfig */;
			buildSettings = {
				ASSETCATALOG_COMPILER_APPICON_NAME = AppIcon;
				COMBINE_HIDPI_IMAGES = YES;
				FRAMEWORK_SEARCH_PATHS = (
					"$(inherited)",
					"$(PROJECT_DIR)",
				);
				INFOPLIST_FILE = LittleFTP/Info.plist;
				LD_RUNPATH_SEARCH_PATHS = "$(inherited) @executable_path/../Frameworks";
				PRODUCT_BUNDLE_IDENTIFIER = me.gurinderhans.LittleFTP;
				PRODUCT_NAME = "$(TARGET_NAME)";
				SWIFT_OBJC_BRIDGING_HEADER = "LittleFTP/LittleFTP-Bridging-Header.h";
			};
			name = Release;
		};
		410C5EEF1C6EE83F00C16180 /* Debug */ = {
			isa = XCBuildConfiguration;
			baseConfigurationReference = 15A2B627A47B4250A7EF87BF /* Pods-LittleFTPTests.debug.xcconfig */;
			buildSettings = {
				BUNDLE_LOADER = "$(TEST_HOST)";
				COMBINE_HIDPI_IMAGES = YES;
				INFOPLIST_FILE = LittleFTPTests/Info.plist;
				LD_RUNPATH_SEARCH_PATHS = "$(inherited) @executable_path/../Frameworks @loader_path/../Frameworks";
				PRODUCT_BUNDLE_IDENTIFIER = me.gurinderhans.LittleFTPTests;
				PRODUCT_NAME = "$(TARGET_NAME)";
				TEST_HOST = "$(BUILT_PRODUCTS_DIR)/LittleFTP.app/Contents/MacOS/LittleFTP";
			};
			name = Debug;
		};
		410C5EF01C6EE83F00C16180 /* Release */ = {
			isa = XCBuildConfiguration;
			baseConfigurationReference = BFBBC352363F6A3A28EC9B1B /* Pods-LittleFTPTests.release.xcconfig */;
			buildSettings = {
				BUNDLE_LOADER = "$(TEST_HOST)";
				COMBINE_HIDPI_IMAGES = YES;
				INFOPLIST_FILE = LittleFTPTests/Info.plist;
				LD_RUNPATH_SEARCH_PATHS = "$(inherited) @executable_path/../Frameworks @loader_path/../Frameworks";
				PRODUCT_BUNDLE_IDENTIFIER = me.gurinderhans.LittleFTPTests;
				PRODUCT_NAME = "$(TARGET_NAME)";
				TEST_HOST = "$(BUILT_PRODUCTS_DIR)/LittleFTP.app/Contents/MacOS/LittleFTP";
			};
			name = Release;
		};
		410C5EF21C6EE83F00C16180 /* Debug */ = {
			isa = XCBuildConfiguration;
			baseConfigurationReference = DF807C30D19D0DF753FF8C71 /* Pods-LittleFTPUITests.debug.xcconfig */;
			buildSettings = {
				COMBINE_HIDPI_IMAGES = YES;
				INFOPLIST_FILE = LittleFTPUITests/Info.plist;
				LD_RUNPATH_SEARCH_PATHS = "$(inherited) @executable_path/../Frameworks @loader_path/../Frameworks";
				PRODUCT_BUNDLE_IDENTIFIER = me.gurinderhans.LittleFTPUITests;
				PRODUCT_NAME = "$(TARGET_NAME)";
				TEST_TARGET_NAME = LittleFTP;
				USES_XCTRUNNER = YES;
			};
			name = Debug;
		};
		410C5EF31C6EE83F00C16180 /* Release */ = {
			isa = XCBuildConfiguration;
			baseConfigurationReference = 2D3BE7BAEE22F5768A357689 /* Pods-LittleFTPUITests.release.xcconfig */;
			buildSettings = {
				COMBINE_HIDPI_IMAGES = YES;
				INFOPLIST_FILE = LittleFTPUITests/Info.plist;
				LD_RUNPATH_SEARCH_PATHS = "$(inherited) @executable_path/../Frameworks @loader_path/../Frameworks";
				PRODUCT_BUNDLE_IDENTIFIER = me.gurinderhans.LittleFTPUITests;
				PRODUCT_NAME = "$(TARGET_NAME)";
				TEST_TARGET_NAME = LittleFTP;
				USES_XCTRUNNER = YES;
			};
			name = Release;
		};
/* End XCBuildConfiguration section */

/* Begin XCConfigurationList section */
		410C5EC11C6EE83E00C16180 /* Build configuration list for PBXProject "LittleFTP" */ = {
			isa = XCConfigurationList;
			buildConfigurations = (
				410C5EE91C6EE83F00C16180 /* Debug */,
				410C5EEA1C6EE83F00C16180 /* Release */,
			);
			defaultConfigurationIsVisible = 0;
			defaultConfigurationName = Release;
		};
		410C5EEB1C6EE83F00C16180 /* Build configuration list for PBXNativeTarget "LittleFTP" */ = {
			isa = XCConfigurationList;
			buildConfigurations = (
				410C5EEC1C6EE83F00C16180 /* Debug */,
				410C5EED1C6EE83F00C16180 /* Release */,
			);
			defaultConfigurationIsVisible = 0;
			defaultConfigurationName = Release;
		};
		410C5EEE1C6EE83F00C16180 /* Build configuration list for PBXNativeTarget "LittleFTPTests" */ = {
			isa = XCConfigurationList;
			buildConfigurations = (
				410C5EEF1C6EE83F00C16180 /* Debug */,
				410C5EF01C6EE83F00C16180 /* Release */,
			);
			defaultConfigurationIsVisible = 0;
			defaultConfigurationName = Release;
		};
		410C5EF11C6EE83F00C16180 /* Build configuration list for PBXNativeTarget "LittleFTPUITests" */ = {
			isa = XCConfigurationList;
			buildConfigurations = (
				410C5EF21C6EE83F00C16180 /* Debug */,
				410C5EF31C6EE83F00C16180 /* Release */,
			);
			defaultConfigurationIsVisible = 0;
			defaultConfigurationName = Release;
		};
/* End XCConfigurationList section */
	};
	rootObject = 410C5EBE1C6EE83E00C16180 /* Project object */;
}
